PODS:
  - Alamofire (5.0.0-rc.3)
  - Kingfisher (5.11.0):
    - Kingfisher/Core (= 5.11.0)
  - Kingfisher/Core (5.11.0)
  - RxCocoa (5.0.1):
    - RxRelay (~> 5)
    - RxSwift (~> 5)
  - RxRelay (5.0.1):
    - RxSwift (~> 5)
  - RxSwift (5.0.1)
  - SwiftLint (0.38.0)
  - SwiftyBeaver (1.8.4)

DEPENDENCIES:
  - Alamofire (~> 5.0.0-rc.3)
  - Kingfisher
  - RxCocoa
  - RxSwift
  - SwiftLint
  - SwiftyBeaver

SPEC REPOS:
  trunk:
    - Alamofire
    - Kingfisher
    - RxCocoa
    - RxRelay
    - RxSwift
    - SwiftLint
    - SwiftyBeaver

SPEC CHECKSUMS:
  Alamofire: ca8c0de6906873be89d6deec5c8de279e00bf872
  Kingfisher: 4569606189149e19c7d9439f47e885d0679b7a90
  RxCocoa: e741b9749968e8a143e2b787f1dfbff2b63d0a5c
  RxRelay: 89d54507f4fd4d969e6ec1d4bd7f3673640b4640
  RxSwift: e2dc62b366a3adf6a0be44ba9f405efd4c94e0c4
  SwiftLint: 4105f061f9812b214568b736dab580ab2c73a582
  SwiftyBeaver: f9a9aba96a6a6166e21682377804d728b0d20b95

PODFILE CHECKSUM: ec007a6a86ef27bed0344fc314ae28d0c9cb1f7d

COCOAPODS: 1.8.0
